
Microsoft Visual Studio Solution File, Format Version 12.00
# Visual Studio Version 17
VisualStudioVersion = 17.7.34221.43
MinimumVisualStudioVersion = 10.0.40219.1
Project("{9A19103F-16F7-4668-BE54-9A1E7A4F7556}") = "Forum", "Forum\Forum.csproj", "{E0203CBE-8E24-4D00-89B5-2744BDD7E032}"
EndProject
Project("{9A19103F-16F7-4668-BE54-9A1E7A4F7556}") = "ForumUnitTests", "ForumTesting\ForumUnitTests.csproj", "{6A8613CE-F57A-4AEE-8111-28953A525B21}"
EndProject
Project("{9A19103F-16F7-4668-BE54-9A1E7A4F7556}") = "ForumIntegrationTests", "ForumIntegrationTesting\ForumIntegrationTests.csproj", "{96AA628B-B5D5-4055-A824-5914DE6931CE}"
EndProject
Project("{2150E333-8FDC-42A3-9474-1A3956D46DE8}") = "tests", "tests", "{FB70B2E9-53A4-4F87-A3D5-6AC61139EBEA}"
EndProject
Project("{9A19103F-16F7-4668-BE54-9A1E7A4F7556}") = "Forum.Client", "Forum.Client\Forum.Client.csproj", "{5AB4CF12-8DA2-4991-B8A7-8859BF2C4749}"
EndProject
Project("{9A19103F-16F7-4668-BE54-9A1E7A4F7556}") = "Forum.Shared", "Forum.Shared\Forum.Shared.csproj", "{96290AB0-372F-4B6B-8F67-68BBD197E0D9}"
EndProject
Project("{9A19103F-16F7-4668-BE54-9A1E7A4F7556}") = "BlazorFullCalendar", "BlazorFullCalendar\BlazorFullCalendar.csproj", "{06FA0456-794A-4121-840E-5F88CA0D0555}"
EndProject
Project("{9A19103F-16F7-4668-BE54-9A1E7A4F7556}") = "Forum.DAL", "Forum.DAL\Forum.DAL.csproj", "{FBC22B11-756E-4B99-8890-F40D790CCFFE}"
EndProject
Project("{9A19103F-16F7-4668-BE54-9A1E7A4F7556}") = "Forum.BLL", "Forum.BLL\Forum.BLL.csproj", "{13BA022F-23C1-4931-8823-6F92C399FEED}"
EndProject
Project("{FAE04EC0-301F-11D3-BF4B-00C04F79EFBC}") = "Forum.NativeClient", "Forum.NativeClient\Forum.NativeClient.csproj", "{D66297DD-2AA5-405C-88EF-C8F1A245FEF8}"
EndProject
Global
	GlobalSection(SolutionConfigurationPlatforms) = preSolution
		Debug|Any CPU = Debug|Any CPU
		Release|Any CPU = Release|Any CPU
	EndGlobalSection
	GlobalSection(ProjectConfigurationPlatforms) = postSolution
		{E0203CBE-8E24-4D00-89B5-2744BDD7E032}.Debug|Any CPU.ActiveCfg = Debug|Any CPU
		{E0203CBE-8E24-4D00-89B5-2744BDD7E032}.Debug|Any CPU.Build.0 = Debug|Any CPU
		{E0203CBE-8E24-4D00-89B5-2744BDD7E032}.Release|Any CPU.ActiveCfg = Release|Any CPU
		{E0203CBE-8E24-4D00-89B5-2744BDD7E032}.Release|Any CPU.Build.0 = Release|Any CPU
		{6A8613CE-F57A-4AEE-8111-28953A525B21}.Debug|Any CPU.ActiveCfg = Debug|Any CPU
		{6A8613CE-F57A-4AEE-8111-28953A525B21}.Debug|Any CPU.Build.0 = Debug|Any CPU
		{6A8613CE-F57A-4AEE-8111-28953A525B21}.Release|Any CPU.ActiveCfg = Release|Any CPU
		{6A8613CE-F57A-4AEE-8111-28953A525B21}.Release|Any CPU.Build.0 = Release|Any CPU
		{96AA628B-B5D5-4055-A824-5914DE6931CE}.Debug|Any CPU.ActiveCfg = Debug|Any CPU
		{96AA628B-B5D5-4055-A824-5914DE6931CE}.Debug|Any CPU.Build.0 = Debug|Any CPU
		{96AA628B-B5D5-4055-A824-5914DE6931CE}.Release|Any CPU.ActiveCfg = Release|Any CPU
		{96AA628B-B5D5-4055-A824-5914DE6931CE}.Release|Any CPU.Build.0 = Release|Any CPU
		{5AB4CF12-8DA2-4991-B8A7-8859BF2C4749}.Debug|Any CPU.ActiveCfg = Debug|Any CPU
		{5AB4CF12-8DA2-4991-B8A7-8859BF2C4749}.Debug|Any CPU.Build.0 = Debug|Any CPU
		{5AB4CF12-8DA2-4991-B8A7-8859BF2C4749}.Release|Any CPU.ActiveCfg = Release|Any CPU
		{5AB4CF12-8DA2-4991-B8A7-8859BF2C4749}.Release|Any CPU.Build.0 = Release|Any CPU
		{96290AB0-372F-4B6B-8F67-68BBD197E0D9}.Debug|Any CPU.ActiveCfg = Debug|Any CPU
		{96290AB0-372F-4B6B-8F67-68BBD197E0D9}.Debug|Any CPU.Build.0 = Debug|Any CPU
		{96290AB0-372F-4B6B-8F67-68BBD197E0D9}.Release|Any CPU.ActiveCfg = Release|Any CPU
		{96290AB0-372F-4B6B-8F67-68BBD197E0D9}.Release|Any CPU.Build.0 = Release|Any CPU
		{06FA0456-794A-4121-840E-5F88CA0D0555}.Debug|Any CPU.ActiveCfg = Debug|Any CPU
		{06FA0456-794A-4121-840E-5F88CA0D0555}.Debug|Any CPU.Build.0 = Debug|Any CPU
		{06FA0456-794A-4121-840E-5F88CA0D0555}.Release|Any CPU.ActiveCfg = Release|Any CPU
		{06FA0456-794A-4121-840E-5F88CA0D0555}.Release|Any CPU.Build.0 = Release|Any CPU
		{FBC22B11-756E-4B99-8890-F40D790CCFFE}.Debug|Any CPU.ActiveCfg = Debug|Any CPU
		{FBC22B11-756E-4B99-8890-F40D790CCFFE}.Debug|Any CPU.Build.0 = Debug|Any CPU
		{FBC22B11-756E-4B99-8890-F40D790CCFFE}.Release|Any CPU.ActiveCfg = Release|Any CPU
		{FBC22B11-756E-4B99-8890-F40D790CCFFE}.Release|Any CPU.Build.0 = Release|Any CPU
		{13BA022F-23C1-4931-8823-6F92C399FEED}.Debug|Any CPU.ActiveCfg = Debug|Any CPU
		{13BA022F-23C1-4931-8823-6F92C399FEED}.Debug|Any CPU.Build.0 = Debug|Any CPU
		{13BA022F-23C1-4931-8823-6F92C399FEED}.Release|Any CPU.ActiveCfg = Release|Any CPU
		{13BA022F-23C1-4931-8823-6F92C399FEED}.Release|Any CPU.Build.0 = Release|Any CPU
		{D66297DD-2AA5-405C-88EF-C8F1A245FEF8}.Debug|Any CPU.ActiveCfg = Debug|Any CPU
		{D66297DD-2AA5-405C-88EF-C8F1A245FEF8}.Debug|Any CPU.Build.0 = Debug|Any CPU
		{D66297DD-2AA5-405C-88EF-C8F1A245FEF8}.Debug|Any CPU.Deploy.0 = Debug|Any CPU
		{D66297DD-2AA5-405C-88EF-C8F1A245FEF8}.Release|Any CPU.ActiveCfg = Release|Any CPU
		{D66297DD-2AA5-405C-88EF-C8F1A245FEF8}.Release|Any CPU.Build.0 = Release|Any CPU
		{D66297DD-2AA5-405C-88EF-C8F1A245FEF8}.Release|Any CPU.Deploy.0 = Release|Any CPU
	EndGlobalSection
	GlobalSection(SolutionProperties) = preSolution
		HideSolutionNode = FALSE
	EndGlobalSection
	GlobalSection(NestedProjects) = preSolution
		{6A8613CE-F57A-4AEE-8111-28953A525B21} = {FB70B2E9-53A4-4F87-A3D5-6AC61139EBEA}
		{96AA628B-B5D5-4055-A824-5914DE6931CE} = {FB70B2E9-53A4-4F87-A3D5-6AC61139EBEA}
	EndGlobalSection
	GlobalSection(ExtensibilityGlobals) = postSolution
		SolutionGuid = {CE60B15D-6DF5-4106-BC10-5915E96C7F13}
	EndGlobalSection
EndGlobal
